
Microsoft Visual Studio Solution File, Format Version 11.00
# Visual Studio 2010
Project("{FAE04EC0-301F-11D3-BF4B-00C04F79EFBC}") = "RodsUtilities", "RodsUtilities\RodsUtilities.csproj", "{F95AE362-08DA-4692-8DDA-8E0A7D7E36E4}"
EndProject
Global
	GlobalSection(SolutionConfigurationPlatforms) = preSolution
		Debug|Any CPU = Debug|Any CPU
		Release|Any CPU = Release|Any CPU
	EndGlobalSection
	GlobalSection(ProjectConfigurationPlatforms) = postSolution
		{F95AE362-08DA-4692-8DDA-8E0A7D7E36E4}.Debug|Any CPU.ActiveCfg = Debug|Any CPU
		{F95AE362-08DA-4692-8DDA-8E0A7D7E36E4}.Debug|Any CPU.Build.0 = Debug|Any CPU
		{F95AE362-08DA-4692-8DDA-8E0A7D7E36E4}.Release|Any CPU.ActiveCfg = Release|Any CPU
		{F95AE362-08DA-4692-8DDA-8E0A7D7E36E4}.Release|Any CPU.Build.0 = Release|Any CPU
	EndGlobalSection
	GlobalSection(SolutionProperties) = preSolution
		HideSolutionNode = FALSE
	EndGlobalSection
EndGlobal
